
Microsoft Visual Studio Solution File, Format Version 12.00
# Visual Studio Version 17
VisualStudioVersion = 17.9.34616.47
MinimumVisualStudioVersion = 10.0.40219.1
Project("{FAE04EC0-301F-11D3-BF4B-00C04F79EFBC}") = "AspDotNet-Core-MVC-WebApp", "AspDotNet-Core-MVC-WebApp\AspDotNet-Core-MVC-WebApp.csproj", "{532C6B6E-90BC-4976-93D6-B95036049D73}"
EndProject
Global
	GlobalSection(SolutionConfigurationPlatforms) = preSolution
		Debug|Any CPU = Debug|Any CPU
		Release|Any CPU = Release|Any CPU
	EndGlobalSection
	GlobalSection(ProjectConfigurationPlatforms) = postSolution
		{532C6B6E-90BC-4976-93D6-B95036049D73}.Debug|Any CPU.ActiveCfg = Debug|Any CPU
		{532C6B6E-90BC-4976-93D6-B95036049D73}.Debug|Any CPU.Build.0 = Debug|Any CPU
		{532C6B6E-90BC-4976-93D6-B95036049D73}.Release|Any CPU.ActiveCfg = Release|Any CPU
		{532C6B6E-90BC-4976-93D6-B95036049D73}.Release|Any CPU.Build.0 = Release|Any CPU
	EndGlobalSection
	GlobalSection(SolutionProperties) = preSolution
		HideSolutionNode = FALSE
	EndGlobalSection
	GlobalSection(ExtensibilityGlobals) = postSolution
		SolutionGuid = {97DC3B61-17F9-4936-8154-E3228E19FEBC}
	EndGlobalSection
EndGlobal
